
Microsoft Visual Studio Solution File, Format Version 12.00
# Visual Studio Version 16
VisualStudioVersion = 16.0.30128.74
MinimumVisualStudioVersion = 10.0.40219.1
Project("{FAE04EC0-301F-11D3-BF4B-00C04F79EFBC}") = "Thread", "Thread\Thread.csproj", "{F2FF5A8D-4788-4F14-9253-F6F48B806993}"
EndProject
Project("{FAE04EC0-301F-11D3-BF4B-00C04F79EFBC}") = "Pc", "Pc\Pc.csproj", "{8B04A78B-DD82-4916-9BEC-B0D32DD1DD85}"
EndProject
Project("{FAE04EC0-301F-11D3-BF4B-00C04F79EFBC}") = "testtest", "testtest\testtest.csproj", "{66C6CBD2-8794-4BC5-BB16-311CD554CF43}"
EndProject
Project("{FAE04EC0-301F-11D3-BF4B-00C04F79EFBC}") = "ConsoleApp1", "ConsoleApp1\ConsoleApp1.csproj", "{4E6F8372-5DC0-494F-AC41-82A7D106E484}"
EndProject
Project("{FAE04EC0-301F-11D3-BF4B-00C04F79EFBC}") = "PW_01", "PW_01\PW_01.csproj", "{4F680CE2-742B-43A6-BEB1-4CFF9B9E9A0D}"
EndProject
Project("{FAE04EC0-301F-11D3-BF4B-00C04F79EFBC}") = "PW_01-1", "PW_01-1\PW_01-1.csproj", "{F294764A-8215-405F-9FB9-BA96A1F1B541}"
EndProject
Project("{FAE04EC0-301F-11D3-BF4B-00C04F79EFBC}") = "PW 02-1", "PW 02-1\PW 02-1.csproj", "{CFC1BEF6-E4C4-4260-9DF0-7454D2C53049}"
EndProject
Project("{FAE04EC0-301F-11D3-BF4B-00C04F79EFBC}") = "form", "form\form.csproj", "{34A0F258-C44F-446F-BCA2-676C1E8BFB17}"
EndProject
Project("{FAE04EC0-301F-11D3-BF4B-00C04F79EFBC}") = "PW-03-01", "PW-03-01\PW-03-01.csproj", "{F598ED9C-7533-4132-8792-0ACE1AE52573}"
EndProject
Project("{FAE04EC0-301F-11D3-BF4B-00C04F79EFBC}") = "PW-03-03", "PW-03-03\PW-03-03.csproj", "{B6F8D528-B63D-4B49-A6C5-ED865CACD789}"
EndProject
Project("{FAE04EC0-301F-11D3-BF4B-00C04F79EFBC}") = "PW-03-04", "PW-03-04\PW-03-04.csproj", "{E0613FEB-9EC0-4995-A392-59ECAE9FCA7C}"
EndProject
Project("{FAE04EC0-301F-11D3-BF4B-00C04F79EFBC}") = "FileSystemManager", "FileSystemManager\FileSystemManager.csproj", "{B75B5894-82F0-4EDE-B68C-00C68F8F6B52}"
EndProject
Project("{FAE04EC0-301F-11D3-BF4B-00C04F79EFBC}") = "IniWork_Extended", "IniWork_Extended\IniWork_Extended.csproj", "{54F8A92F-5E74-4059-85FD-57EB3CCB7C75}"
EndProject
Global
	GlobalSection(SolutionConfigurationPlatforms) = preSolution
		Debug|Any CPU = Debug|Any CPU
		Release|Any CPU = Release|Any CPU
	EndGlobalSection
	GlobalSection(ProjectConfigurationPlatforms) = postSolution
		{F2FF5A8D-4788-4F14-9253-F6F48B806993}.Debug|Any CPU.ActiveCfg = Debug|Any CPU
		{F2FF5A8D-4788-4F14-9253-F6F48B806993}.Debug|Any CPU.Build.0 = Debug|Any CPU
		{F2FF5A8D-4788-4F14-9253-F6F48B806993}.Release|Any CPU.ActiveCfg = Release|Any CPU
		{F2FF5A8D-4788-4F14-9253-F6F48B806993}.Release|Any CPU.Build.0 = Release|Any CPU
		{8B04A78B-DD82-4916-9BEC-B0D32DD1DD85}.Debug|Any CPU.ActiveCfg = Debug|Any CPU
		{8B04A78B-DD82-4916-9BEC-B0D32DD1DD85}.Debug|Any CPU.Build.0 = Debug|Any CPU
		{8B04A78B-DD82-4916-9BEC-B0D32DD1DD85}.Release|Any CPU.ActiveCfg = Release|Any CPU
		{8B04A78B-DD82-4916-9BEC-B0D32DD1DD85}.Release|Any CPU.Build.0 = Release|Any CPU
		{66C6CBD2-8794-4BC5-BB16-311CD554CF43}.Debug|Any CPU.ActiveCfg = Debug|Any CPU
		{66C6CBD2-8794-4BC5-BB16-311CD554CF43}.Debug|Any CPU.Build.0 = Debug|Any CPU
		{66C6CBD2-8794-4BC5-BB16-311CD554CF43}.Release|Any CPU.ActiveCfg = Release|Any CPU
		{66C6CBD2-8794-4BC5-BB16-311CD554CF43}.Release|Any CPU.Build.0 = Release|Any CPU
		{4E6F8372-5DC0-494F-AC41-82A7D106E484}.Debug|Any CPU.ActiveCfg = Debug|Any CPU
		{4E6F8372-5DC0-494F-AC41-82A7D106E484}.Debug|Any CPU.Build.0 = Debug|Any CPU
		{4E6F8372-5DC0-494F-AC41-82A7D106E484}.Release|Any CPU.ActiveCfg = Release|Any CPU
		{4E6F8372-5DC0-494F-AC41-82A7D106E484}.Release|Any CPU.Build.0 = Release|Any CPU
		{4F680CE2-742B-43A6-BEB1-4CFF9B9E9A0D}.Debug|Any CPU.ActiveCfg = Debug|Any CPU
		{4F680CE2-742B-43A6-BEB1-4CFF9B9E9A0D}.Debug|Any CPU.Build.0 = Debug|Any CPU
		{4F680CE2-742B-43A6-BEB1-4CFF9B9E9A0D}.Release|Any CPU.ActiveCfg = Release|Any CPU
		{4F680CE2-742B-43A6-BEB1-4CFF9B9E9A0D}.Release|Any CPU.Build.0 = Release|Any CPU
		{F294764A-8215-405F-9FB9-BA96A1F1B541}.Debug|Any CPU.ActiveCfg = Debug|Any CPU
		{F294764A-8215-405F-9FB9-BA96A1F1B541}.Debug|Any CPU.Build.0 = Debug|Any CPU
		{F294764A-8215-405F-9FB9-BA96A1F1B541}.Release|Any CPU.ActiveCfg = Release|Any CPU
		{F294764A-8215-405F-9FB9-BA96A1F1B541}.Release|Any CPU.Build.0 = Release|Any CPU
		{CFC1BEF6-E4C4-4260-9DF0-7454D2C53049}.Debug|Any CPU.ActiveCfg = Debug|Any CPU
		{CFC1BEF6-E4C4-4260-9DF0-7454D2C53049}.Debug|Any CPU.Build.0 = Debug|Any CPU
		{CFC1BEF6-E4C4-4260-9DF0-7454D2C53049}.Release|Any CPU.ActiveCfg = Release|Any CPU
		{CFC1BEF6-E4C4-4260-9DF0-7454D2C53049}.Release|Any CPU.Build.0 = Release|Any CPU
		{34A0F258-C44F-446F-BCA2-676C1E8BFB17}.Debug|Any CPU.ActiveCfg = Debug|Any CPU
		{34A0F258-C44F-446F-BCA2-676C1E8BFB17}.Debug|Any CPU.Build.0 = Debug|Any CPU
		{34A0F258-C44F-446F-BCA2-676C1E8BFB17}.Release|Any CPU.ActiveCfg = Release|Any CPU
		{34A0F258-C44F-446F-BCA2-676C1E8BFB17}.Release|Any CPU.Build.0 = Release|Any CPU
		{F598ED9C-7533-4132-8792-0ACE1AE52573}.Debug|Any CPU.ActiveCfg = Debug|Any CPU
		{F598ED9C-7533-4132-8792-0ACE1AE52573}.Debug|Any CPU.Build.0 = Debug|Any CPU
		{F598ED9C-7533-4132-8792-0ACE1AE52573}.Release|Any CPU.ActiveCfg = Release|Any CPU
		{F598ED9C-7533-4132-8792-0ACE1AE52573}.Release|Any CPU.Build.0 = Release|Any CPU
		{B6F8D528-B63D-4B49-A6C5-ED865CACD789}.Debug|Any CPU.ActiveCfg = Debug|Any CPU
		{B6F8D528-B63D-4B49-A6C5-ED865CACD789}.Debug|Any CPU.Build.0 = Debug|Any CPU
		{B6F8D528-B63D-4B49-A6C5-ED865CACD789}.Release|Any CPU.ActiveCfg = Release|Any CPU
		{B6F8D528-B63D-4B49-A6C5-ED865CACD789}.Release|Any CPU.Build.0 = Release|Any CPU
		{E0613FEB-9EC0-4995-A392-59ECAE9FCA7C}.Debug|Any CPU.ActiveCfg = Debug|Any CPU
		{E0613FEB-9EC0-4995-A392-59ECAE9FCA7C}.Debug|Any CPU.Build.0 = Debug|Any CPU
		{E0613FEB-9EC0-4995-A392-59ECAE9FCA7C}.Release|Any CPU.ActiveCfg = Release|Any CPU
		{E0613FEB-9EC0-4995-A392-59ECAE9FCA7C}.Release|Any CPU.Build.0 = Release|Any CPU
		{B75B5894-82F0-4EDE-B68C-00C68F8F6B52}.Debug|Any CPU.ActiveCfg = Debug|Any CPU
		{B75B5894-82F0-4EDE-B68C-00C68F8F6B52}.Debug|Any CPU.Build.0 = Debug|Any CPU
		{B75B5894-82F0-4EDE-B68C-00C68F8F6B52}.Release|Any CPU.ActiveCfg = Release|Any CPU
		{B75B5894-82F0-4EDE-B68C-00C68F8F6B52}.Release|Any CPU.Build.0 = Release|Any CPU
		{54F8A92F-5E74-4059-85FD-57EB3CCB7C75}.Debug|Any CPU.ActiveCfg = Debug|Any CPU
		{54F8A92F-5E74-4059-85FD-57EB3CCB7C75}.Debug|Any CPU.Build.0 = Debug|Any CPU
		{54F8A92F-5E74-4059-85FD-57EB3CCB7C75}.Release|Any CPU.ActiveCfg = Release|Any CPU
		{54F8A92F-5E74-4059-85FD-57EB3CCB7C75}.Release|Any CPU.Build.0 = Release|Any CPU
	EndGlobalSection
	GlobalSection(SolutionProperties) = preSolution
		HideSolutionNode = FALSE
	EndGlobalSection
	GlobalSection(ExtensibilityGlobals) = postSolution
		SolutionGuid = {02588DD5-6E1B-4377-9A05-31C6691B7B74}
	EndGlobalSection
EndGlobal
